PODS:
  - Flutter (1.0.0)
  - libPhoneNumber-iOS (0.9.15)
  - phone_number_text_field (0.0.1):
    - Flutter
    - libPhoneNumber-iOS

DEPENDENCIES:
  - Flutter (from `Flutter`)
  - phone_number_text_field (from `.symlinks/plugins/phone_number_text_field/ios`)

SPEC REPOS:
  trunk:
    - libPhoneNumber-iOS

EXTERNAL SOURCES:
  Flutter:
    :path: Flutter
  phone_number_text_field:
    :path: ".symlinks/plugins/phone_number_text_field/ios"

SPEC CHECKSUMS:
  Flutter: e0871f40cf51350855a761d2e70bf5af5b9b5de7
  libPhoneNumber-iOS: 0a32a9525cf8744fe02c5206eb30d571e38f7d75
  phone_number_text_field: 2b6fc0d437e1bb88b48ba9f767a188a463d338be

PODFILE CHECKSUM: a69b4e639ad4e65c02c4d8b5b17642141111f056

COCOAPODS: 1.14.3
